{
    "_readme": [
        "This file locks the dependencies of your project to a known state",
        "Read more about it at https://getcomposer.org/doc/01-basic-usage.md#composer-lock-the-lock-file",
        "This file is @generated automatically"
    ],
    "hash": "331f76e53daa47e711268a7b006dbba5",
    "content-hash": "07adee25d32f1573330c730fad0b4ce6",
    "packages": [
        {
            "name": "jcupitt/vips",
            "version": "dev-master",
            "source": {
                "type": "git",
                "url": "https://github.com/jcupitt/php-vips.git",
                "reference": "05272e36ab97842694fa5c546d598478def40a5d"
            },
            "dist": {
                "type": "zip",
                "url": "https://api.github.com/repos/jcupitt/php-vips/zipball/05272e36ab97842694fa5c546d598478def40a5d",
                "reference": "05272e36ab97842694fa5c546d598478def40a5d",
                "shasum": ""
            },
            "require": {
                "php": ">=7.0.0"
            },
            "require-dev": {
                "phpdocumentor/phpdocumentor": "2.*",
                "phpunit/phpunit": "4.*"
            },
            "type": "library",
            "extra": {
                "branch-alias": {
                    "dev-master": "1.0-dev"
                }
            },
            "autoload": {
                "psr-4": {
                    "Jcupitt\\Vips\\": "src"
                }
            },
            "notification-url": "https://packagist.org/downloads/",
            "license": [
                "MIT"
            ],
            "authors": [
                {
                    "name": "John Cupitt",
                    "email": "jcupitt@gmail.com",
                    "homepage": "https://github.com/jcupitt",
                    "role": "Developer"
                }
            ],
            "description": "A high-level interface to the libvips image processing library.",
            "homepage": "https://github.com/jcupitt/php-vips",
            "keywords": [
                "image",
                "libvips",
                "processing"
            ],
            "time": "2016-09-22 16:06:41"
        }
    ],
    "packages-dev": [],
    "aliases": [],
    "minimum-stability": "stable",
    "stability-flags": {
        "jcupitt/vips": 20
    },
    "prefer-stable": false,
    "prefer-lowest": false,
    "platform": [],
    "platform-dev": []
}
